
Microsoft Visual Studio Solution File, Format Version 12.00
# Visual Studio 15
VisualStudioVersion = 15.0.27004.2006
MinimumVisualStudioVersion = 10.0.40219.1
Project("{FAE04EC0-301F-11D3-BF4B-00C04F79EFBC}") = "WebApiAndMvc5", "WebApiAndMvc5\WebApiAndMvc5.csproj", "{03A89014-BE1F-401C-823A-87F4C47C7EF7}"
EndProject
Global
	GlobalSection(SolutionConfigurationPlatforms) = preSolution
		Debug|Any CPU = Debug|Any CPU
		Release|Any CPU = Release|Any CPU
	EndGlobalSection
	GlobalSection(ProjectConfigurationPlatforms) = postSolution
		{03A89014-BE1F-401C-823A-87F4C47C7EF7}.Debug|Any CPU.ActiveCfg = Debug|Any CPU
		{03A89014-BE1F-401C-823A-87F4C47C7EF7}.Debug|Any CPU.Build.0 = Debug|Any CPU
		{03A89014-BE1F-401C-823A-87F4C47C7EF7}.Release|Any CPU.ActiveCfg = Release|Any CPU
		{03A89014-BE1F-401C-823A-87F4C47C7EF7}.Release|Any CPU.Build.0 = Release|Any CPU
	EndGlobalSection
	GlobalSection(SolutionProperties) = preSolution
		HideSolutionNode = FALSE
	EndGlobalSection
	GlobalSection(ExtensibilityGlobals) = postSolution
		SolutionGuid = {2902C79A-C11E-4421-9E8A-8A932125ACFD}
	EndGlobalSection
EndGlobal
